
Microsoft Visual Studio Solution File, Format Version 12.00
# Visual Studio Version 16
VisualStudioVersion = 16.0.29418.71
MinimumVisualStudioVersion = 10.0.40219.1
Project("{FAE04EC0-301F-11D3-BF4B-00C04F79EFBC}") = "kitabevi.app", "kitabevi.app.csproj", "{512FE570-F13A-4E84-89C0-C5991BF77874}"
EndProject
Global
	GlobalSection(SolutionConfigurationPlatforms) = preSolution
		Debug|Any CPU = Debug|Any CPU
		Release|Any CPU = Release|Any CPU
	EndGlobalSection
	GlobalSection(ProjectConfigurationPlatforms) = postSolution
		{512FE570-F13A-4E84-89C0-C5991BF77874}.Debug|Any CPU.ActiveCfg = Debug|Any CPU
		{512FE570-F13A-4E84-89C0-C5991BF77874}.Debug|Any CPU.Build.0 = Debug|Any CPU
		{512FE570-F13A-4E84-89C0-C5991BF77874}.Release|Any CPU.ActiveCfg = Release|Any CPU
		{512FE570-F13A-4E84-89C0-C5991BF77874}.Release|Any CPU.Build.0 = Release|Any CPU
	EndGlobalSection
	GlobalSection(SolutionProperties) = preSolution
		HideSolutionNode = FALSE
	EndGlobalSection
	GlobalSection(ExtensibilityGlobals) = postSolution
		SolutionGuid = {97C90056-A3DF-41B9-B237-3A385066A89E}
	EndGlobalSection
EndGlobal
